
Microsoft Visual Studio Solution File, Format Version 12.00
# Visual Studio 15
VisualStudioVersion = 15.0.27428.2015
MinimumVisualStudioVersion = 10.0.40219.1
Project("{FAE04EC0-301F-11D3-BF4B-00C04F79EFBC}") = "Emit", "Emit\Emit.csproj", "{060F7D2A-FFF3-4C97-9710-EE1BCD111F13}"
EndProject
Project("{FAE04EC0-301F-11D3-BF4B-00C04F79EFBC}") = "Client", "Client\Client.csproj", "{CBEDAB7F-5DA1-49BA-B21E-4E105E44F1A3}"
EndProject
Project("{9A19103F-16F7-4668-BE54-9A1E7A4F7556}") = "Hoge", "Hoge\Hoge.csproj", "{49D54728-099B-48CD-9D2C-31FB570434E8}"
EndProject
Global
	GlobalSection(SolutionConfigurationPlatforms) = preSolution
		Debug|Any CPU = Debug|Any CPU
		Release|Any CPU = Release|Any CPU
	EndGlobalSection
	GlobalSection(ProjectConfigurationPlatforms) = postSolution
		{060F7D2A-FFF3-4C97-9710-EE1BCD111F13}.Debug|Any CPU.ActiveCfg = Debug|Any CPU
		{060F7D2A-FFF3-4C97-9710-EE1BCD111F13}.Debug|Any CPU.Build.0 = Debug|Any CPU
		{060F7D2A-FFF3-4C97-9710-EE1BCD111F13}.Release|Any CPU.ActiveCfg = Release|Any CPU
		{060F7D2A-FFF3-4C97-9710-EE1BCD111F13}.Release|Any CPU.Build.0 = Release|Any CPU
		{CBEDAB7F-5DA1-49BA-B21E-4E105E44F1A3}.Debug|Any CPU.ActiveCfg = Debug|Any CPU
		{CBEDAB7F-5DA1-49BA-B21E-4E105E44F1A3}.Debug|Any CPU.Build.0 = Debug|Any CPU
		{CBEDAB7F-5DA1-49BA-B21E-4E105E44F1A3}.Release|Any CPU.ActiveCfg = Release|Any CPU
		{CBEDAB7F-5DA1-49BA-B21E-4E105E44F1A3}.Release|Any CPU.Build.0 = Release|Any CPU
		{49D54728-099B-48CD-9D2C-31FB570434E8}.Debug|Any CPU.ActiveCfg = Debug|Any CPU
		{49D54728-099B-48CD-9D2C-31FB570434E8}.Debug|Any CPU.Build.0 = Debug|Any CPU
		{49D54728-099B-48CD-9D2C-31FB570434E8}.Release|Any CPU.ActiveCfg = Release|Any CPU
		{49D54728-099B-48CD-9D2C-31FB570434E8}.Release|Any CPU.Build.0 = Release|Any CPU
	EndGlobalSection
	GlobalSection(SolutionProperties) = preSolution
		HideSolutionNode = FALSE
	EndGlobalSection
	GlobalSection(ExtensibilityGlobals) = postSolution
		SolutionGuid = {ADEA5360-7177-4F6B-8477-B7FA5A1B9090}
	EndGlobalSection
EndGlobal
